Microsoft Visual Studio Solution File, Format Version 12.00
# Visual Studio Version 17
VisualStudioVersion = 17.5.2.0
MinimumVisualStudioVersion = 10.0.40219.1
Project("{FAE04EC0-301F-11D3-BF4B-00C04F79EFBC}") = "EventMaster.Api", "EventMaster.Api\EventMaster.Api.csproj", "{FC2EB2CB-EBFD-2596-D495-4A8B15D16B51}"
EndProject
Project("{FAE04EC0-301F-11D3-BF4B-00C04F79EFBC}") = "EventMaster.Web", "EventMaster.Web\EventMaster.Web.csproj", "{AE27E73B-47FB-7BA7-7B7D-4CB0901BDD17}"
EndProject
Global
	GlobalSection(SolutionConfigurationPlatforms) = preSolution
		Debug|Any CPU = Debug|Any CPU
		Release|Any CPU = Release|Any CPU
	EndGlobalSection
	GlobalSection(ProjectConfigurationPlatforms) = postSolution
		{FC2EB2CB-EBFD-2596-D495-4A8B15D16B51}.Debug|Any CPU.ActiveCfg = Debug|Any CPU
		{FC2EB2CB-EBFD-2596-D495-4A8B15D16B51}.Debug|Any CPU.Build.0 = Debug|Any CPU
		{FC2EB2CB-EBFD-2596-D495-4A8B15D16B51}.Release|Any CPU.ActiveCfg = Release|Any CPU
		{FC2EB2CB-EBFD-2596-D495-4A8B15D16B51}.Release|Any CPU.Build.0 = Release|Any CPU
		{AE27E73B-47FB-7BA7-7B7D-4CB0901BDD17}.Debug|Any CPU.ActiveCfg = Debug|Any CPU
		{AE27E73B-47FB-7BA7-7B7D-4CB0901BDD17}.Debug|Any CPU.Build.0 = Debug|Any CPU
		{AE27E73B-47FB-7BA7-7B7D-4CB0901BDD17}.Release|Any CPU.ActiveCfg = Release|Any CPU
		{AE27E73B-47FB-7BA7-7B7D-4CB0901BDD17}.Release|Any CPU.Build.0 = Release|Any CPU
	EndGlobalSection
	GlobalSection(SolutionProperties) = preSolution
		HideSolutionNode = FALSE
	EndGlobalSection
	GlobalSection(ExtensibilityGlobals) = postSolution
		SolutionGuid = {37591E74-676A-4477-B7AA-3B557BC95611}
	EndGlobalSection
EndGlobal
